<Solution>
  <Folder Name="/services/" />
  <Folder Name="/services/identity-service/">
    <Project Path="services/identity-service/IdentityService.Api/IdentityService.Api.csproj" />
    <Project Path="services/identity-service/IdentityService.Application/IdentityService.Application.csproj" />
    <Project Path="services/identity-service/IdentityService.Domain/IdentityService.Domain.csproj" />
    <Project Path="services/identity-service/IdentityService.Infrastructure/IdentityService.Infrastructure.csproj" />
    <Project Path="services/identity-service/IdentityService.Tests/IdentityService.Tests.csproj" />
  </Folder>
  <Folder Name="/services/services-service/">
    <Project Path="services/services-service/ServicesService.Api/ServicesService.Api.csproj" />
    <Project Path="services/services-service/ServicesService.Application/ServicesService.Application.csproj" />
    <Project Path="services/services-service/ServicesService.Domain/ServicesService.Domain.csproj" />
    <Project Path="services/services-service/ServicesService.Infrastructure/ServicesService.Infrastructure.csproj" />
    <Project Path="services/services-service/ServicesService.Tests/ServicesService.Tests.csproj" />
  </Folder>
  <Folder Name="/shared/">
    <Project Path="shared/Admin.Identity.Client/Admin.Identity.Client.csproj" />
  </Folder>
</Solution>
